PODS:
  - SGSketchLayer_OC (0.0.1)

DEPENDENCIES:
  - SGSketchLayer_OC (from `../SGSketchLayer_OC.podspec`)

EXTERNAL SOURCES:
  SGSketchLayer_OC:
    :path: ../SGSketchLayer_OC.podspec

SPEC CHECKSUMS:
  SGSketchLayer_OC: 121a187f64260342411ab3c03697fada1e062ec9

PODFILE CHECKSUM: f4e1b91bf3128ab3ff6129b6a1c6bfa955c09b20

COCOAPODS: 1.0.1
